// !$*UTF8*$!
{
	archiveVersion = 1;
	classes = {
	};
	objectVersion = 46;
	objects = {

/* Begin PBXBuildFile section */
		AE1127141CB3376700F9C77F /* Assets.xcassets in Resources */ = {isa = PBXBuildFile; fileRef = AE1127131CB3376700F9C77F /* Assets.xcassets */; };
		AEADE4021CB9BF940082F6B0 /* Launch Screen.storyboard in Resources */ = {isa = PBXBuildFile; fileRef = AEADE4011CB9BF940082F6B0 /* Launch Screen.storyboard */; };
		AEB9AF991CC2CE3B00CDC623 /* AppDelegate.m in Sources */ = {isa = PBXBuildFile; fileRef = AE11270B1CB3376600F9C77F /* AppDelegate.m */; };
		AEB9AF9A1CC2CE3B00CDC623 /* BLEManager.m in Sources */ = {isa = PBXBuildFile; fileRef = AEEB6FC81CB9CEDD009A2289 /* BLEManager.m */; };
		AEB9AF9B1CC2CE3C00CDC623 /* ViewController.m in Sources */ = {isa = PBXBuildFile; fileRef = AE11270E1CB3376600F9C77F /* ViewController.m */; };
		AEB9AF9C1CC2CE3C00CDC623 /* main.m in Sources */ = {isa = PBXBuildFile; fileRef = AE1127081CB3376600F9C77F /* main.m */; };
		AEB9AF9F1CC2E73F00CDC623 /* SLLogger.m in Sources */ = {isa = PBXBuildFile; fileRef = AEB9AF9E1CC2E73F00CDC623 /* SLLogger.m */; };
		AEB9AFA11CC2EE9200CDC623 /* MessageUI.framework in Frameworks */ = {isa = PBXBuildFile; fileRef = AEB9AFA01CC2EE9200CDC623 /* MessageUI.framework */; };
		AEEB6FC61CB9CE29009A2289 /* CoreBluetooth.framework in Frameworks */ = {isa = PBXBuildFile; fileRef = AEEB6FC51CB9CE29009A2289 /* CoreBluetooth.framework */; };
/* End PBXBuildFile section */

/* Begin PBXFileReference section */
		AE1127041CB3376500F9C77F /* SureLockCentral.app */ = {isa = PBXFileReference; explicitFileType = wrapper.application; includeInIndex = 0; path = SureLockCentral.app; sourceTree = BUILT_PRODUCTS_DIR; };
		AE1127081CB3376600F9C77F /* main.m */ = {isa = PBXFileReference; lastKnownFileType = sourcecode.c.objc; path = main.m; sourceTree = "<group>"; };
		AE11270A1CB3376600F9C77F /* AppDelegate.h */ = {isa = PBXFileReference; lastKnownFileType = sourcecode.c.h; path = AppDelegate.h; sourceTree = "<group>"; };
		AE11270B1CB3376600F9C77F /* AppDelegate.m */ = {isa = PBXFileReference; lastKnownFileType = sourcecode.c.objc; path = AppDelegate.m; sourceTree = "<group>"; };
		AE11270D1CB3376600F9C77F /* ViewController.h */ = {isa = PBXFileReference; lastKnownFileType = sourcecode.c.h; path = ViewController.h; sourceTree = "<group>"; };
		AE11270E1CB3376600F9C77F /* ViewController.m */ = {isa = PBXFileReference; lastKnownFileType = sourcecode.c.objc; path = ViewController.m; sourceTree = "<group>"; };
		AE1127131CB3376700F9C77F /* Assets.xcassets */ = {isa = PBXFileReference; lastKnownFileType = folder.assetcatalog; path = Assets.xcassets; sourceTree = "<group>"; };
		AE1127181CB3376700F9C77F /* Info.plist */ = {isa = PBXFileReference; lastKnownFileType = text.plist.xml; path = Info.plist; sourceTree = "<group>"; };
		AEADE4011CB9BF940082F6B0 /* Launch Screen.storyboard */ = {isa = PBXFileReference; fileEncoding = 4; lastKnownFileType = file.storyboard; name = "Launch Screen.storyboard"; path = "../Launch Screen.storyboard"; sourceTree = "<group>"; };
		AEB9AF9D1CC2E73F00CDC623 /* SLLogger.h */ = {isa = PBXFileReference; fileEncoding = 4; lastKnownFileType = sourcecode.c.h; path = SLLogger.h; sourceTree = "<group>"; };
		AEB9AF9E1CC2E73F00CDC623 /* SLLogger.m */ = {isa = PBXFileReference; fileEncoding = 4; lastKnownFileType = sourcecode.c.objc; path = SLLogger.m; sourceTree = "<group>"; };
		AEB9AFA01CC2EE9200CDC623 /* MessageUI.framework */ = {isa = PBXFileReference; lastKnownFileType = wrapper.framework; name = MessageUI.framework; path = System/Library/Frameworks/MessageUI.framework; sourceTree = SDKROOT; };
		AEEB6FC51CB9CE29009A2289 /* CoreBluetooth.framework */ = {isa = PBXFileReference; lastKnownFileType = wrapper.framework; name = CoreBluetooth.framework; path = System/Library/Frameworks/CoreBluetooth.framework; sourceTree = SDKROOT; };
		AEEB6FC71CB9CEDD009A2289 /* BLEManager.h */ = {isa = PBXFileReference; fileEncoding = 4; lastKnownFileType = sourcecode.c.h; path = BLEManager.h; sourceTree = "<group>"; };
		AEEB6FC81CB9CEDD009A2289 /* BLEManager.m */ = {isa = PBXFileReference; fileEncoding = 4; lastKnownFileType = sourcecode.c.objc; path = BLEManager.m; sourceTree = "<group>"; };
/* End PBXFileReference section */

/* Begin PBXFrameworksBuildPhase section */
		AE1127011CB3376400F9C77F /* Frameworks */ = {
			isa = PBXFrameworksBuildPhase;
			buildActionMask = 2147483647;
			files = (
				AEB9AFA11CC2EE9200CDC623 /* MessageUI.framework in Frameworks */,
				AEEB6FC61CB9CE29009A2289 /* CoreBluetooth.framework in Frameworks */,
			);
			runOnlyForDeploymentPostprocessing = 0;
		};
/* End PBXFrameworksBuildPhase section */

/* Begin PBXGroup section */
		AE1126FB1CB3376400F9C77F = {
			isa = PBXGroup;
			children = (
				AEB9AFA01CC2EE9200CDC623 /* MessageUI.framework */,
				AEEB6FC51CB9CE29009A2289 /* CoreBluetooth.framework */,
				AE1127061CB3376600F9C77F /* SureLockCentral */,
				AE1127051CB3376500F9C77F /* Products */,
			);
			sourceTree = "<group>";
		};
		AE1127051CB3376500F9C77F /* Products */ = {
			isa = PBXGroup;
			children = (
				AE1127041CB3376500F9C77F /* SureLockCentral.app */,
			);
			name = Products;
			sourceTree = "<group>";
		};
		AE1127061CB3376600F9C77F /* SureLockCentral */ = {
			isa = PBXGroup;
			children = (
				AE11270A1CB3376600F9C77F /* AppDelegate.h */,
				AE11270B1CB3376600F9C77F /* AppDelegate.m */,
				AEEB6FC71CB9CEDD009A2289 /* BLEManager.h */,
				AEEB6FC81CB9CEDD009A2289 /* BLEManager.m */,
				AEB9AF9D1CC2E73F00CDC623 /* SLLogger.h */,
				AEB9AF9E1CC2E73F00CDC623 /* SLLogger.m */,
				AE11270D1CB3376600F9C77F /* ViewController.h */,
				AE11270E1CB3376600F9C77F /* ViewController.m */,
				AE1127131CB3376700F9C77F /* Assets.xcassets */,
				AEADE4011CB9BF940082F6B0 /* Launch Screen.storyboard */,
				AE1127181CB3376700F9C77F /* Info.plist */,
				AE1127071CB3376600F9C77F /* Supporting Files */,
			);
			path = SureLockCentral;
			sourceTree = "<group>";
		};
		AE1127071CB3376600F9C77F /* Supporting Files */ = {
			isa = PBXGroup;
			children = (
				AE1127081CB3376600F9C77F /* main.m */,
			);
			name = "Supporting Files";
			sourceTree = "<group>";
		};
/* End PBXGroup section */

/* Begin PBXNativeTarget section */
		AE1127031CB3376400F9C77F /* SureLockCentral */ = {
			isa = PBXNativeTarget;
			buildConfigurationList = AE11271B1CB3376700F9C77F /* Build configuration list for PBXNativeTarget "SureLockCentral" */;
			buildPhases = (
				AE1127001CB3376400F9C77F /* Sources */,
				AE1127011CB3376400F9C77F /* Frameworks */,
				AE1127021CB3376400F9C77F /* Resources */,
			);
			buildRules = (
			);
			dependencies = (
			);
			name = SureLockCentral;
			productName = SureLockCentral;
			productReference = AE1127041CB3376500F9C77F /* SureLockCentral.app */;
			productType = "com.apple.product-type.application";
		};
/* End PBXNativeTarget section */

/* Begin PBXProject section */
		AE1126FC1CB3376400F9C77F /* Project object */ = {
			isa = PBXProject;
			attributes = {
				LastUpgradeCheck = 0730;
				ORGANIZATIONNAME = "Drew Titus";
				TargetAttributes = {
					AE1127031CB3376400F9C77F = {
						CreatedOnToolsVersion = 7.3;
						DevelopmentTeam = MA8CTR2VLX;
						SystemCapabilities = {
							com.apple.BackgroundModes = {
								enabled = 1;
							};
						};
					};
				};
			};
			buildConfigurationList = AE1126FF1CB3376400F9C77F /* Build configuration list for PBXProject "SureLockCentral" */;
			compatibilityVersion = "Xcode 3.2";
			developmentRegion = English;
			hasScannedForEncodings = 0;
			knownRegions = (
				en,
				Base,
			);
			mainGroup = AE1126FB1CB3376400F9C77F;
			productRefGroup = AE1127051CB3376500F9C77F /* Products */;
			projectDirPath = "";
			projectRoot = "";
			targets = (
				AE1127031CB3376400F9C77F /* SureLockCentral */,
			);
		};
/* End PBXProject section */

/* Begin PBXResourcesBuildPhase section */
		AE1127021CB3376400F9C77F /* Resources */ = {
			isa = PBXResourcesBuildPhase;
			buildActionMask = 2147483647;
			files = (
				AEADE4021CB9BF940082F6B0 /* Launch Screen.storyboard in Resources */,
				AE1127141CB3376700F9C77F /* Assets.xcassets in Resources */,
			);
			runOnlyForDeploymentPostprocessing = 0;
		};
/* End PBXResourcesBuildPhase section */

/* Begin PBXSourcesBuildPhase section */
		AE1127001CB3376400F9C77F /* Sources */ = {
			isa = PBXSourcesBuildPhase;
			buildActionMask = 2147483647;
			files = (
				AEB9AF991CC2CE3B00CDC623 /* AppDelegate.m in Sources */,
				AEB9AF9A1CC2CE3B00CDC623 /* BLEManager.m in Sources */,
				AEB9AF9B1CC2CE3C00CDC623 /* ViewController.m in Sources */,
				AEB9AF9C1CC2CE3C00CDC623 /* main.m in Sources */,
				AEB9AF9F1CC2E73F00CDC623 /* SLLogger.m in Sources */,
			);
			runOnlyForDeploymentPostprocessing = 0;
		};
/* End PBXSourcesBuildPhase section */

/* Begin XCBuildConfiguration section */
		AE1127191CB3376700F9C77F /* Debug */ = {
			isa = XCBuildConfiguration;
			buildSettings = {
				ALWAYS_SEARCH_USER_PATHS = NO;
				CLANG_ANALYZER_NONNULL = YES;
				CLANG_CXX_LANGUAGE_STANDARD = "gnu++0x";
				CLANG_CXX_LIBRARY = "libc++";
				CLANG_ENABLE_MODULES = YES;
				CLANG_ENABLE_OBJC_ARC = YES;
				CLANG_WARN_BOOL_CONVERSION = YES;
				CLANG_WARN_CONSTANT_CONVERSION = YES;
				CLANG_WARN_DIRECT_OBJC_ISA_USAGE = YES_ERROR;
				CLANG_WARN_EMPTY_BODY = YES;
				CLANG_WARN_ENUM_CONVERSION = YES;
				CLANG_WARN_INT_CONVERSION = YES;
				CLANG_WARN_OBJC_ROOT_CLASS = YES_ERROR;
				CLANG_WARN_UNREACHABLE_CODE = YES;
				CLANG_WARN__DUPLICATE_METHOD_MATCH = YES;
				"CODE_SIGN_IDENTITY[sdk=iphoneos*]" = "iPhone Developer";
				COPY_PHASE_STRIP = NO;
				DEBUG_INFORMATION_FORMAT = dwarf;
				ENABLE_STRICT_OBJC_MSGSEND = YES;
				ENABLE_TESTABILITY = YES;
				GCC_C_LANGUAGE_STANDARD = gnu99;
				GCC_DYNAMIC_NO_PIC = NO;
				GCC_NO_COMMON_BLOCKS = YES;
				GCC_OPTIMIZATION_LEVEL = 0;
				GCC_PREPROCESSOR_DEFINITIONS = (
					"DEBUG=1",
					"$(inherited)",
				);
				GCC_WARN_64_TO_32_BIT_CONVERSION = YES;
				GCC_WARN_ABOUT_RETURN_TYPE = YES_ERROR;
				GCC_WARN_UNDECLARED_SELECTOR = YES;
				GCC_WARN_UNINITIALIZED_AUTOS = YES_AGGRESSIVE;
				GCC_WARN_UNUSED_FUNCTION = YES;
				GCC_WARN_UNUSED_VARIABLE = YES;
				IPHONEOS_DEPLOYMENT_TARGET = 9.3;
				MTL_ENABLE_DEBUG_INFO = YES;
				ONLY_ACTIVE_ARCH = YES;
				SDKROOT = iphoneos;
			};
			name = Debug;
		};
		AE11271A1CB3376700F9C77F /* Release */ = {
			isa = XCBuildConfiguration;
			buildSettings = {
				ALWAYS_SEARCH_USER_PATHS = NO;
				CLANG_ANALYZER_NONNULL = YES;
				CLANG_CXX_LANGUAGE_STANDARD = "gnu++0x";
				CLANG_CXX_LIBRARY = "libc++";
				CLANG_ENABLE_MODULES = YES;
				CLANG_ENABLE_OBJC_ARC = YES;
				CLANG_WARN_BOOL_CONVERSION = YES;
				CLANG_WARN_CONSTANT_CONVERSION = YES;
				CLANG_WARN_DIRECT_OBJC_ISA_USAGE = YES_ERROR;
				CLANG_WARN_EMPTY_BODY = YES;
				CLANG_WARN_ENUM_CONVERSION = YES;
				CLANG_WARN_INT_CONVERSION = YES;
				CLANG_WARN_OBJC_ROOT_CLASS = YES_ERROR;
				CLANG_WARN_UNREACHABLE_CODE = YES;
				CLANG_WARN__DUPLICATE_METHOD_MATCH = YES;
				"CODE_SIGN_IDENTITY[sdk=iphoneos*]" = "iPhone Developer";
				COPY_PHASE_STRIP = NO;
				DEBUG_INFORMATION_FORMAT = "dwarf-with-dsym";
				ENABLE_NS_ASSERTIONS = NO;
				ENABLE_STRICT_OBJC_MSGSEND = YES;
				GCC_C_LANGUAGE_STANDARD = gnu99;
				GCC_NO_COMMON_BLOCKS = YES;
				GCC_WARN_64_TO_32_BIT_CONVERSION = YES;
				GCC_WARN_ABOUT_RETURN_TYPE = YES_ERROR;
				GCC_WARN_UNDECLARED_SELECTOR = YES;
				GCC_WARN_UNINITIALIZED_AUTOS = YES_AGGRESSIVE;
				GCC_WARN_UNUSED_FUNCTION = YES;
				GCC_WARN_UNUSED_VARIABLE = YES;
				IPHONEOS_DEPLOYMENT_TARGET = 9.3;
				MTL_ENABLE_DEBUG_INFO = NO;
				SDKROOT = iphoneos;
				VALIDATE_PRODUCT = YES;
			};
			name = Release;
		};
		AE11271C1CB3376700F9C77F /* Debug */ = {
			isa = XCBuildConfiguration;
			buildSettings = {
				ASSETCATALOG_COMPILER_APPICON_NAME = AppIcon;
				CODE_SIGN_IDENTITY = "iPhone Developer";
				"CODE_SIGN_IDENTITY[sdk=iphoneos*]" = "iPhone Developer";
				INFOPLIST_FILE = SureLockCentral/Info.plist;
				IPHONEOS_DEPLOYMENT_TARGET = 9.0;
				LD_RUNPATH_SEARCH_PATHS = "$(inherited) @executable_path/Frameworks";
				PRODUCT_BUNDLE_IDENTIFIER = com.drewtitus.SureLockCentral;
				PRODUCT_NAME = "$(TARGET_NAME)";
				PROVISIONING_PROFILE = "";
			};
			name = Debug;
		};
		AE11271D1CB3376700F9C77F /* Release */ = {
			isa = XCBuildConfiguration;
			buildSettings = {
				ASSETCATALOG_COMPILER_APPICON_NAME = AppIcon;
				CODE_SIGN_IDENTITY = "iPhone Developer";
				"CODE_SIGN_IDENTITY[sdk=iphoneos*]" = "iPhone Developer";
				INFOPLIST_FILE = SureLockCentral/Info.plist;
				IPHONEOS_DEPLOYMENT_TARGET = 9.0;
				LD_RUNPATH_SEARCH_PATHS = "$(inherited) @executable_path/Frameworks";
				PRODUCT_BUNDLE_IDENTIFIER = com.drewtitus.SureLockCentral;
				PRODUCT_NAME = "$(TARGET_NAME)";
				PROVISIONING_PROFILE = "";
			};
			name = Release;
		};
/* End XCBuildConfiguration section */

/* Begin XCConfigurationList section */
		AE1126FF1CB3376400F9C77F /* Build configuration list for PBXProject "SureLockCentral" */ = {
			isa = XCConfigurationList;
			buildConfigurations = (
				AE1127191CB3376700F9C77F /* Debug */,
				AE11271A1CB3376700F9C77F /* Release */,
			);
			defaultConfigurationIsVisible = 0;
			defaultConfigurationName = Release;
		};
		AE11271B1CB3376700F9C77F /* Build configuration list for PBXNativeTarget "SureLockCentral" */ = {
			isa = XCConfigurationList;
			buildConfigurations = (
				AE11271C1CB3376700F9C77F /* Debug */,
				AE11271D1CB3376700F9C77F /* Release */,
			);
			defaultConfigurationIsVisible = 0;
			defaultConfigurationName = Release;
		};
/* End XCConfigurationList section */
	};
	rootObject = AE1126FC1CB3376400F9C77F /* Project object */;
}
